
Microsoft Visual Studio Solution File, Format Version 12.00
# Visual Studio Version 16
VisualStudioVersion = 16.0.30104.148
MinimumVisualStudioVersion = 10.0.40219.1
Project("{9A19103F-16F7-4668-BE54-9A1E7A4F7556}") = "SpaceStation", "SpaceStation.csproj", "{EE009275-9D2C-490C-BCA1-29E6CBEC6BDD}"
EndProject
Global
	GlobalSection(SolutionConfigurationPlatforms) = preSolution
		Debug|Any CPU = Debug|Any CPU
		Release|Any CPU = Release|Any CPU
	EndGlobalSection
	GlobalSection(ProjectConfigurationPlatforms) = postSolution
		{EE009275-9D2C-490C-BCA1-29E6CBEC6BDD}.Debug|Any CPU.ActiveCfg = Debug|Any CPU
		{EE009275-9D2C-490C-BCA1-29E6CBEC6BDD}.Debug|Any CPU.Build.0 = Debug|Any CPU
		{EE009275-9D2C-490C-BCA1-29E6CBEC6BDD}.Release|Any CPU.ActiveCfg = Release|Any CPU
		{EE009275-9D2C-490C-BCA1-29E6CBEC6BDD}.Release|Any CPU.Build.0 = Release|Any CPU
	EndGlobalSection
	GlobalSection(SolutionProperties) = preSolution
		HideSolutionNode = FALSE
	EndGlobalSection
	GlobalSection(ExtensibilityGlobals) = postSolution
		SolutionGuid = {30C0CA35-2DD7-4B04-BB7E-C50AB986BBDB}
	EndGlobalSection
EndGlobal
