
Microsoft Visual Studio Solution File, Format Version 12.00
# Visual Studio Version 16
VisualStudioVersion = 16.0.29905.134
MinimumVisualStudioVersion = 10.0.40219.1
Project("{9A19103F-16F7-4668-BE54-9A1E7A4F7556}") = "01. Lootbox", "01. Lootbox\01. Lootbox.csproj", "{86D9478F-4AC0-428D-BB8F-4B003EE75A16}"
EndProject
Project("{9A19103F-16F7-4668-BE54-9A1E7A4F7556}") = "02. Re-Volt", "02. Re-Volt\02. Re-Volt.csproj", "{B31725B2-D803-44E7-AE91-16594302298A}"
EndProject
Project("{9A19103F-16F7-4668-BE54-9A1E7A4F7556}") = "01. Santa's Present Factory", "01. Santa's Present Factory\01. Santa's Present Factory.csproj", "{76C5DD97-2083-4F58-A9B1-18BAF8ED009E}"
EndProject
Project("{9A19103F-16F7-4668-BE54-9A1E7A4F7556}") = "02. Present Delivery", "02. Present Delivery\02. Present Delivery.csproj", "{0813571D-35A5-4E23-9D9F-D24C502E9C0E}"
EndProject
Project("{9A19103F-16F7-4668-BE54-9A1E7A4F7556}") = "01. Dating App", "01. Dating App\01. Dating App.csproj", "{27DDFBD2-AB75-4C11-BD51-567FD14AA64E}"
EndProject
Project("{9A19103F-16F7-4668-BE54-9A1E7A4F7556}") = "2. Book Worm", "2. Book Worm\2. Book Worm.csproj", "{A6EA89D3-2B48-4B17-8EC0-F930E953DF3E}"
EndProject
Project("{9A19103F-16F7-4668-BE54-9A1E7A4F7556}") = "01. Club Party", "01. Club Party\01. Club Party.csproj", "{550E9A43-BD6C-4577-AE8D-417BC60732CF}"
EndProject
Project("{9A19103F-16F7-4668-BE54-9A1E7A4F7556}") = "02. Tron Racers", "02. Tron Racers\02. Tron Racers.csproj", "{7EA02F5F-8EF0-4960-A1FA-58E8931FDDD2}"
EndProject
Project("{2150E333-8FDC-42A3-9474-1A3956D46DE8}") = "03. Heroes", "03. Heroes", "{88814570-6F35-4304-9E98-AE89764CDD45}"
EndProject
Project("{9A19103F-16F7-4668-BE54-9A1E7A4F7556}") = "Heroes", "D:\SoftUni\C# Advanced - september 2019\01. ADVANCED\EXAMS\Advanced Exam - 24 Feb 2019\Heroes.csproj", "{869CF2F4-611E-43A5-9385-6E1B27F6559A}"
EndProject
Project("{9A19103F-16F7-4668-BE54-9A1E7A4F7556}") = "01. Catapult Attack", "01. Catapult Attack\01. Catapult Attack.csproj", "{D2FCAB64-4231-4014-A63B-6893E0505549}"
EndProject
Project("{9A19103F-16F7-4668-BE54-9A1E7A4F7556}") = "02.Throne Conquering", "02.Throne Conquering\02.Throne Conquering.csproj", "{D42F426D-613B-4D24-AA46-AE3D1D90E1AE}"
EndProject
Project("{9A19103F-16F7-4668-BE54-9A1E7A4F7556}") = "04. Travel Map", "04. Travel Map\04. Travel Map.csproj", "{15247224-92E0-4AA5-8044-C8D2FD27E258}"
EndProject
Project("{9A19103F-16F7-4668-BE54-9A1E7A4F7556}") = "01. Sport Cards", "01. Sport Cards\01. Sport Cards.csproj", "{FBD2F7C1-A28C-448E-A582-6DB63C7B7DCA}"
EndProject
Project("{9A19103F-16F7-4668-BE54-9A1E7A4F7556}") = "02. Robot Communication", "02. Robot Communication\02. Robot Communication.csproj", "{C5592909-03CB-48B8-B66A-24B45E922298}"
EndProject
Project("{9A19103F-16F7-4668-BE54-9A1E7A4F7556}") = "04. The Kitchen", "04. The Kitchen\04. The Kitchen.csproj", "{3745E3CF-3ADF-4AAE-985F-9B806FA278F8}"
EndProject
Project("{9A19103F-16F7-4668-BE54-9A1E7A4F7556}") = "03. Bombs", "03. Bombs\03. Bombs.csproj", "{38592F67-90EC-4AE8-AFF6-798D459F299E}"
EndProject
Project("{9A19103F-16F7-4668-BE54-9A1E7A4F7556}") = "02. Tagram", "02. Tagram\02. Tagram.csproj", "{9DC764AC-676D-4C81-AD90-D64DE60F049A}"
EndProject
Project("{9A19103F-16F7-4668-BE54-9A1E7A4F7556}") = "03. Miner", "03. Miner\03. Miner.csproj", "{0B3779ED-4E90-4472-80D3-36C45C063D29}"
EndProject
Project("{FAE04EC0-301F-11D3-BF4B-00C04F79EFBC}") = "04. Cups and Bottles", "04. Cups and Bottles\04. Cups and Bottles.csproj", "{02B1091D-7E61-40C3-97A4-C82572694BEF}"
EndProject
Global
	GlobalSection(SolutionConfigurationPlatforms) = preSolution
		Debug|Any CPU = Debug|Any CPU
		Release|Any CPU = Release|Any CPU
	EndGlobalSection
	GlobalSection(ProjectConfigurationPlatforms) = postSolution
		{86D9478F-4AC0-428D-BB8F-4B003EE75A16}.Debug|Any CPU.ActiveCfg = Debug|Any CPU
		{86D9478F-4AC0-428D-BB8F-4B003EE75A16}.Debug|Any CPU.Build.0 = Debug|Any CPU
		{86D9478F-4AC0-428D-BB8F-4B003EE75A16}.Release|Any CPU.ActiveCfg = Release|Any CPU
		{86D9478F-4AC0-428D-BB8F-4B003EE75A16}.Release|Any CPU.Build.0 = Release|Any CPU
		{B31725B2-D803-44E7-AE91-16594302298A}.Debug|Any CPU.ActiveCfg = Debug|Any CPU
		{B31725B2-D803-44E7-AE91-16594302298A}.Debug|Any CPU.Build.0 = Debug|Any CPU
		{B31725B2-D803-44E7-AE91-16594302298A}.Release|Any CPU.ActiveCfg = Release|Any CPU
		{B31725B2-D803-44E7-AE91-16594302298A}.Release|Any CPU.Build.0 = Release|Any CPU
		{76C5DD97-2083-4F58-A9B1-18BAF8ED009E}.Debug|Any CPU.ActiveCfg = Debug|Any CPU
		{76C5DD97-2083-4F58-A9B1-18BAF8ED009E}.Debug|Any CPU.Build.0 = Debug|Any CPU
		{76C5DD97-2083-4F58-A9B1-18BAF8ED009E}.Release|Any CPU.ActiveCfg = Release|Any CPU
		{76C5DD97-2083-4F58-A9B1-18BAF8ED009E}.Release|Any CPU.Build.0 = Release|Any CPU
		{0813571D-35A5-4E23-9D9F-D24C502E9C0E}.Debug|Any CPU.ActiveCfg = Debug|Any CPU
		{0813571D-35A5-4E23-9D9F-D24C502E9C0E}.Debug|Any CPU.Build.0 = Debug|Any CPU
		{0813571D-35A5-4E23-9D9F-D24C502E9C0E}.Release|Any CPU.ActiveCfg = Release|Any CPU
		{0813571D-35A5-4E23-9D9F-D24C502E9C0E}.Release|Any CPU.Build.0 = Release|Any CPU
		{27DDFBD2-AB75-4C11-BD51-567FD14AA64E}.Debug|Any CPU.ActiveCfg = Debug|Any CPU
		{27DDFBD2-AB75-4C11-BD51-567FD14AA64E}.Debug|Any CPU.Build.0 = Debug|Any CPU
		{27DDFBD2-AB75-4C11-BD51-567FD14AA64E}.Release|Any CPU.ActiveCfg = Release|Any CPU
		{27DDFBD2-AB75-4C11-BD51-567FD14AA64E}.Release|Any CPU.Build.0 = Release|Any CPU
		{A6EA89D3-2B48-4B17-8EC0-F930E953DF3E}.Debug|Any CPU.ActiveCfg = Debug|Any CPU
		{A6EA89D3-2B48-4B17-8EC0-F930E953DF3E}.Debug|Any CPU.Build.0 = Debug|Any CPU
		{A6EA89D3-2B48-4B17-8EC0-F930E953DF3E}.Release|Any CPU.ActiveCfg = Release|Any CPU
		{A6EA89D3-2B48-4B17-8EC0-F930E953DF3E}.Release|Any CPU.Build.0 = Release|Any CPU
		{550E9A43-BD6C-4577-AE8D-417BC60732CF}.Debug|Any CPU.ActiveCfg = Debug|Any CPU
		{550E9A43-BD6C-4577-AE8D-417BC60732CF}.Debug|Any CPU.Build.0 = Debug|Any CPU
		{550E9A43-BD6C-4577-AE8D-417BC60732CF}.Release|Any CPU.ActiveCfg = Release|Any CPU
		{550E9A43-BD6C-4577-AE8D-417BC60732CF}.Release|Any CPU.Build.0 = Release|Any CPU
		{7EA02F5F-8EF0-4960-A1FA-58E8931FDDD2}.Debug|Any CPU.ActiveCfg = Debug|Any CPU
		{7EA02F5F-8EF0-4960-A1FA-58E8931FDDD2}.Debug|Any CPU.Build.0 = Debug|Any CPU
		{7EA02F5F-8EF0-4960-A1FA-58E8931FDDD2}.Release|Any CPU.ActiveCfg = Release|Any CPU
		{7EA02F5F-8EF0-4960-A1FA-58E8931FDDD2}.Release|Any CPU.Build.0 = Release|Any CPU
		{869CF2F4-611E-43A5-9385-6E1B27F6559A}.Debug|Any CPU.ActiveCfg = Debug|Any CPU
		{869CF2F4-611E-43A5-9385-6E1B27F6559A}.Debug|Any CPU.Build.0 = Debug|Any CPU
		{869CF2F4-611E-43A5-9385-6E1B27F6559A}.Release|Any CPU.ActiveCfg = Release|Any CPU
		{869CF2F4-611E-43A5-9385-6E1B27F6559A}.Release|Any CPU.Build.0 = Release|Any CPU
		{D2FCAB64-4231-4014-A63B-6893E0505549}.Debug|Any CPU.ActiveCfg = Debug|Any CPU
		{D2FCAB64-4231-4014-A63B-6893E0505549}.Debug|Any CPU.Build.0 = Debug|Any CPU
		{D2FCAB64-4231-4014-A63B-6893E0505549}.Release|Any CPU.ActiveCfg = Release|Any CPU
		{D2FCAB64-4231-4014-A63B-6893E0505549}.Release|Any CPU.Build.0 = Release|Any CPU
		{D42F426D-613B-4D24-AA46-AE3D1D90E1AE}.Debug|Any CPU.ActiveCfg = Debug|Any CPU
		{D42F426D-613B-4D24-AA46-AE3D1D90E1AE}.Debug|Any CPU.Build.0 = Debug|Any CPU
		{D42F426D-613B-4D24-AA46-AE3D1D90E1AE}.Release|Any CPU.ActiveCfg = Release|Any CPU
		{D42F426D-613B-4D24-AA46-AE3D1D90E1AE}.Release|Any CPU.Build.0 = Release|Any CPU
		{15247224-92E0-4AA5-8044-C8D2FD27E258}.Debug|Any CPU.ActiveCfg = Debug|Any CPU
		{15247224-92E0-4AA5-8044-C8D2FD27E258}.Debug|Any CPU.Build.0 = Debug|Any CPU
		{15247224-92E0-4AA5-8044-C8D2FD27E258}.Release|Any CPU.ActiveCfg = Release|Any CPU
		{15247224-92E0-4AA5-8044-C8D2FD27E258}.Release|Any CPU.Build.0 = Release|Any CPU
		{FBD2F7C1-A28C-448E-A582-6DB63C7B7DCA}.Debug|Any CPU.ActiveCfg = Debug|Any CPU
		{FBD2F7C1-A28C-448E-A582-6DB63C7B7DCA}.Debug|Any CPU.Build.0 = Debug|Any CPU
		{FBD2F7C1-A28C-448E-A582-6DB63C7B7DCA}.Release|Any CPU.ActiveCfg = Release|Any CPU
		{FBD2F7C1-A28C-448E-A582-6DB63C7B7DCA}.Release|Any CPU.Build.0 = Release|Any CPU
		{C5592909-03CB-48B8-B66A-24B45E922298}.Debug|Any CPU.ActiveCfg = Debug|Any CPU
		{C5592909-03CB-48B8-B66A-24B45E922298}.Debug|Any CPU.Build.0 = Debug|Any CPU
		{C5592909-03CB-48B8-B66A-24B45E922298}.Release|Any CPU.ActiveCfg = Release|Any CPU
		{C5592909-03CB-48B8-B66A-24B45E922298}.Release|Any CPU.Build.0 = Release|Any CPU
		{3745E3CF-3ADF-4AAE-985F-9B806FA278F8}.Debug|Any CPU.ActiveCfg = Debug|Any CPU
		{3745E3CF-3ADF-4AAE-985F-9B806FA278F8}.Debug|Any CPU.Build.0 = Debug|Any CPU
		{3745E3CF-3ADF-4AAE-985F-9B806FA278F8}.Release|Any CPU.ActiveCfg = Release|Any CPU
		{3745E3CF-3ADF-4AAE-985F-9B806FA278F8}.Release|Any CPU.Build.0 = Release|Any CPU
		{38592F67-90EC-4AE8-AFF6-798D459F299E}.Debug|Any CPU.ActiveCfg = Debug|Any CPU
		{38592F67-90EC-4AE8-AFF6-798D459F299E}.Debug|Any CPU.Build.0 = Debug|Any CPU
		{38592F67-90EC-4AE8-AFF6-798D459F299E}.Release|Any CPU.ActiveCfg = Release|Any CPU
		{38592F67-90EC-4AE8-AFF6-798D459F299E}.Release|Any CPU.Build.0 = Release|Any CPU
		{9DC764AC-676D-4C81-AD90-D64DE60F049A}.Debug|Any CPU.ActiveCfg = Debug|Any CPU
		{9DC764AC-676D-4C81-AD90-D64DE60F049A}.Debug|Any CPU.Build.0 = Debug|Any CPU
		{9DC764AC-676D-4C81-AD90-D64DE60F049A}.Release|Any CPU.ActiveCfg = Release|Any CPU
		{9DC764AC-676D-4C81-AD90-D64DE60F049A}.Release|Any CPU.Build.0 = Release|Any CPU
		{0B3779ED-4E90-4472-80D3-36C45C063D29}.Debug|Any CPU.ActiveCfg = Debug|Any CPU
		{0B3779ED-4E90-4472-80D3-36C45C063D29}.Debug|Any CPU.Build.0 = Debug|Any CPU
		{0B3779ED-4E90-4472-80D3-36C45C063D29}.Release|Any CPU.ActiveCfg = Release|Any CPU
		{0B3779ED-4E90-4472-80D3-36C45C063D29}.Release|Any CPU.Build.0 = Release|Any CPU
		{02B1091D-7E61-40C3-97A4-C82572694BEF}.Debug|Any CPU.ActiveCfg = Debug|Any CPU
		{02B1091D-7E61-40C3-97A4-C82572694BEF}.Debug|Any CPU.Build.0 = Debug|Any CPU
		{02B1091D-7E61-40C3-97A4-C82572694BEF}.Release|Any CPU.ActiveCfg = Release|Any CPU
		{02B1091D-7E61-40C3-97A4-C82572694BEF}.Release|Any CPU.Build.0 = Release|Any CPU
	EndGlobalSection
	GlobalSection(SolutionProperties) = preSolution
		HideSolutionNode = FALSE
	EndGlobalSection
	GlobalSection(NestedProjects) = preSolution
		{869CF2F4-611E-43A5-9385-6E1B27F6559A} = {88814570-6F35-4304-9E98-AE89764CDD45}
	EndGlobalSection
	GlobalSection(ExtensibilityGlobals) = postSolution
		SolutionGuid = {A0A5B035-FDC0-4828-AEB6-DD20643D3E10}
	EndGlobalSection
EndGlobal
