
Microsoft Visual Studio Solution File, Format Version 12.00
# Visual Studio Version 16
VisualStudioVersion = 16.0.29905.134
MinimumVisualStudioVersion = 10.0.40219.1
Project("{9A19103F-16F7-4668-BE54-9A1E7A4F7556}") = "BoxOfT", "BoxOfT\BoxOfT.csproj", "{D69CA7C0-8D93-48BA-822B-D1FE88DB30CA}"
EndProject
Project("{FAE04EC0-301F-11D3-BF4B-00C04F79EFBC}") = "GenericArrayCreator", "GenericArrayCreator\GenericArrayCreator.csproj", "{DC8CAD43-3E9A-462D-ADF0-20F9A6D16098}"
EndProject
Project("{FAE04EC0-301F-11D3-BF4B-00C04F79EFBC}") = "GenericScale", "GenericScale\GenericScale.csproj", "{ACD598B4-E341-4570-BEE8-E54FEBAAF5EB}"
EndProject
Global
	GlobalSection(SolutionConfigurationPlatforms) = preSolution
		Debug|Any CPU = Debug|Any CPU
		Release|Any CPU = Release|Any CPU
	EndGlobalSection
	GlobalSection(ProjectConfigurationPlatforms) = postSolution
		{D69CA7C0-8D93-48BA-822B-D1FE88DB30CA}.Debug|Any CPU.ActiveCfg = Debug|Any CPU
		{D69CA7C0-8D93-48BA-822B-D1FE88DB30CA}.Debug|Any CPU.Build.0 = Debug|Any CPU
		{D69CA7C0-8D93-48BA-822B-D1FE88DB30CA}.Release|Any CPU.ActiveCfg = Release|Any CPU
		{D69CA7C0-8D93-48BA-822B-D1FE88DB30CA}.Release|Any CPU.Build.0 = Release|Any CPU
		{DC8CAD43-3E9A-462D-ADF0-20F9A6D16098}.Debug|Any CPU.ActiveCfg = Debug|Any CPU
		{DC8CAD43-3E9A-462D-ADF0-20F9A6D16098}.Debug|Any CPU.Build.0 = Debug|Any CPU
		{DC8CAD43-3E9A-462D-ADF0-20F9A6D16098}.Release|Any CPU.ActiveCfg = Release|Any CPU
		{DC8CAD43-3E9A-462D-ADF0-20F9A6D16098}.Release|Any CPU.Build.0 = Release|Any CPU
		{ACD598B4-E341-4570-BEE8-E54FEBAAF5EB}.Debug|Any CPU.ActiveCfg = Debug|Any CPU
		{ACD598B4-E341-4570-BEE8-E54FEBAAF5EB}.Debug|Any CPU.Build.0 = Debug|Any CPU
		{ACD598B4-E341-4570-BEE8-E54FEBAAF5EB}.Release|Any CPU.ActiveCfg = Release|Any CPU
		{ACD598B4-E341-4570-BEE8-E54FEBAAF5EB}.Release|Any CPU.Build.0 = Release|Any CPU
	EndGlobalSection
	GlobalSection(SolutionProperties) = preSolution
		HideSolutionNode = FALSE
	EndGlobalSection
	GlobalSection(ExtensibilityGlobals) = postSolution
		SolutionGuid = {1A666B1D-FB7C-4C44-9240-97446C9FC820}
	EndGlobalSection
EndGlobal
