
Microsoft Visual Studio Solution File, Format Version 12.00
# Visual Studio Version 16
VisualStudioVersion = 16.0.30104.148
MinimumVisualStudioVersion = 10.0.40219.1
Project("{FAE04EC0-301F-11D3-BF4B-00C04F79EFBC}") = "01. Bombs", "01. Bombs\01. Bombs.csproj", "{C251DACD-A6B0-478B-97AF-AFA307749CF8}"
EndProject
Project("{FAE04EC0-301F-11D3-BF4B-00C04F79EFBC}") = "02. Snake", "02. Snake\02. Snake.csproj", "{96A42E9F-D184-438F-BA8A-31E5739CEC55}"
EndProject
Global
	GlobalSection(SolutionConfigurationPlatforms) = preSolution
		Debug|Any CPU = Debug|Any CPU
		Release|Any CPU = Release|Any CPU
	EndGlobalSection
	GlobalSection(ProjectConfigurationPlatforms) = postSolution
		{C251DACD-A6B0-478B-97AF-AFA307749CF8}.Debug|Any CPU.ActiveCfg = Debug|Any CPU
		{C251DACD-A6B0-478B-97AF-AFA307749CF8}.Debug|Any CPU.Build.0 = Debug|Any CPU
		{C251DACD-A6B0-478B-97AF-AFA307749CF8}.Release|Any CPU.ActiveCfg = Release|Any CPU
		{C251DACD-A6B0-478B-97AF-AFA307749CF8}.Release|Any CPU.Build.0 = Release|Any CPU
		{96A42E9F-D184-438F-BA8A-31E5739CEC55}.Debug|Any CPU.ActiveCfg = Debug|Any CPU
		{96A42E9F-D184-438F-BA8A-31E5739CEC55}.Debug|Any CPU.Build.0 = Debug|Any CPU
		{96A42E9F-D184-438F-BA8A-31E5739CEC55}.Release|Any CPU.ActiveCfg = Release|Any CPU
		{96A42E9F-D184-438F-BA8A-31E5739CEC55}.Release|Any CPU.Build.0 = Release|Any CPU
	EndGlobalSection
	GlobalSection(SolutionProperties) = preSolution
		HideSolutionNode = FALSE
	EndGlobalSection
	GlobalSection(ExtensibilityGlobals) = postSolution
		SolutionGuid = {82B07E28-FC92-4BB5-8A86-19D129200923}
	EndGlobalSection
EndGlobal
